{
  "nodes": {
    "firefox-addons": {
      "inputs": {
        "nixpkgs": [
          "nixpkgs"
        ]
      },
      "locked": {
        "dir": "repos/rycee/pkgs/firefox-addons",
        "lastModified": 1754643983,
        "narHash": "sha256-4fO28oOP4530ZQfmshF8vvD5IUNrhU9IHBeMWxxOpAw=",
        "owner": "nix-community",
        "repo": "nur-combined",
        "rev": "73e2da869fb25fc094332728b6b15bb28e00f2a1",
        "type": "github"
      },
      "original": {
        "dir": "repos/rycee/pkgs/firefox-addons",
        "owner": "nix-community",
        "repo": "nur-combined",
        "type": "github"
      }
    },
    "nixpkgs": {
      "locked": {
        "lastModified": 1754498491,
        "narHash": "sha256-erbiH2agUTD0Z30xcVSFcDHzkRvkRXOQ3lb887bcVrs=",
        "owner": "NixOS",
        "repo": "nixpkgs",
        "rev": "c2ae88e026f9525daf89587f3cbee584b92b6134",
        "type": "github"
      },
      "original": {
        "owner": "NixOS",
        "ref": "nixos-unstable",
        "repo": "nixpkgs",
        "type": "github"
      }
    },
    "root": {
      "inputs": {
        "firefox-addons": "firefox-addons",
        "nixpkgs": "nixpkgs"
      }
    }
  },
  "root": "root",
  "version": 7
}
